
Microsoft Visual Studio Solution File, Format Version 12.00
# Visual Studio Version 16
VisualStudioVersion = 16.0.29926.136
MinimumVisualStudioVersion = 10.0.40219.1
Project("{FAE04EC0-301F-11D3-BF4B-00C04F79EFBC}") = "SingletonFileWorker", "SingletonFileWorker\SingletonFileWorker.csproj", "{98AF3EAB-A2D4-4E66-89CF-D9E8586C2A3B}"
EndProject
Global
	GlobalSection(SolutionConfigurationPlatforms) = preSolution
		Debug|Any CPU = Debug|Any CPU
		Release|Any CPU = Release|Any CPU
	EndGlobalSection
	GlobalSection(ProjectConfigurationPlatforms) = postSolution
		{98AF3EAB-A2D4-4E66-89CF-D9E8586C2A3B}.Debug|Any CPU.ActiveCfg = Debug|Any CPU
		{98AF3EAB-A2D4-4E66-89CF-D9E8586C2A3B}.Debug|Any CPU.Build.0 = Debug|Any CPU
		{98AF3EAB-A2D4-4E66-89CF-D9E8586C2A3B}.Release|Any CPU.ActiveCfg = Release|Any CPU
		{98AF3EAB-A2D4-4E66-89CF-D9E8586C2A3B}.Release|Any CPU.Build.0 = Release|Any CPU
	EndGlobalSection
	GlobalSection(SolutionProperties) = preSolution
		HideSolutionNode = FALSE
	EndGlobalSection
	GlobalSection(ExtensibilityGlobals) = postSolution
		SolutionGuid = {BA7CA6AA-C2DD-4C7A-8FB5-5F9691DE3A16}
	EndGlobalSection
EndGlobal
